
Microsoft Visual Studio Solution File, Format Version 12.00
# Visual Studio 15
VisualStudioVersion = 15.0.28307.329
MinimumVisualStudioVersion = 10.0.40219.1
Project("{FAE04EC0-301F-11D3-BF4B-00C04F79EFBC}") = "SpeechEnergyDemo", "SpeechEnergy\SpeechEnergyDemo.csproj", "{FBFCABE0-FD5A-471D-9ED8-90DFEE9898D2}"
EndProject
Project("{FAE04EC0-301F-11D3-BF4B-00C04F79EFBC}") = "SpeechEnergyLibrary", "SpeechEnergyLibrary\SpeechEnergyLibrary.csproj", "{7721A26E-8DC5-45B5-BD59-945D2A902968}"
EndProject
Global
	GlobalSection(SolutionConfigurationPlatforms) = preSolution
		Debug|Any CPU = Debug|Any CPU
		Release|Any CPU = Release|Any CPU
	EndGlobalSection
	GlobalSection(ProjectConfigurationPlatforms) = postSolution
		{FBFCABE0-FD5A-471D-9ED8-90DFEE9898D2}.Debug|Any CPU.ActiveCfg = Debug|Any CPU
		{FBFCABE0-FD5A-471D-9ED8-90DFEE9898D2}.Debug|Any CPU.Build.0 = Debug|Any CPU
		{FBFCABE0-FD5A-471D-9ED8-90DFEE9898D2}.Release|Any CPU.ActiveCfg = Release|Any CPU
		{FBFCABE0-FD5A-471D-9ED8-90DFEE9898D2}.Release|Any CPU.Build.0 = Release|Any CPU
		{7721A26E-8DC5-45B5-BD59-945D2A902968}.Debug|Any CPU.ActiveCfg = Debug|Any CPU
		{7721A26E-8DC5-45B5-BD59-945D2A902968}.Debug|Any CPU.Build.0 = Debug|Any CPU
		{7721A26E-8DC5-45B5-BD59-945D2A902968}.Release|Any CPU.ActiveCfg = Release|Any CPU
		{7721A26E-8DC5-45B5-BD59-945D2A902968}.Release|Any CPU.Build.0 = Release|Any CPU
	EndGlobalSection
	GlobalSection(SolutionProperties) = preSolution
		HideSolutionNode = FALSE
	EndGlobalSection
	GlobalSection(ExtensibilityGlobals) = postSolution
		SolutionGuid = {68CE3146-DDB3-4ADC-B236-74D0DB49CCD4}
	EndGlobalSection
EndGlobal
